
Microsoft Visual Studio Solution File, Format Version 12.00
# Visual Studio Version 17
VisualStudioVersion = 17.10.35027.167
MinimumVisualStudioVersion = 10.0.40219.1
Project("{FAE04EC0-301F-11D3-BF4B-00C04F79EFBC}") = "LeetCode-MinimumChangesToMakeAlternatingBinaryString", "LeetCode-MinimumChangesToMakeAlternatingBinaryString\LeetCode-MinimumChangesToMakeAlternatingBinaryString.csproj", "{C5DF485E-DA0F-4BD7-BD1C-508123BEC710}"
EndProject
Global
	GlobalSection(SolutionConfigurationPlatforms) = preSolution
		Debug|Any CPU = Debug|Any CPU
		Release|Any CPU = Release|Any CPU
	EndGlobalSection
	GlobalSection(ProjectConfigurationPlatforms) = postSolution
		{C5DF485E-DA0F-4BD7-BD1C-508123BEC710}.Debug|Any CPU.ActiveCfg = Debug|Any CPU
		{C5DF485E-DA0F-4BD7-BD1C-508123BEC710}.Debug|Any CPU.Build.0 = Debug|Any CPU
		{C5DF485E-DA0F-4BD7-BD1C-508123BEC710}.Release|Any CPU.ActiveCfg = Release|Any CPU
		{C5DF485E-DA0F-4BD7-BD1C-508123BEC710}.Release|Any CPU.Build.0 = Release|Any CPU
	EndGlobalSection
	GlobalSection(SolutionProperties) = preSolution
		HideSolutionNode = FALSE
	EndGlobalSection
	GlobalSection(ExtensibilityGlobals) = postSolution
		SolutionGuid = {83332239-3393-46FE-A2DA-B41C99267FF2}
	EndGlobalSection
EndGlobal
